// !$*UTF8*$!
{
	archiveVersion = 1;
	classes = {
	};
	objectVersion = 46;
	objects = {

/* Begin PBXBuildFile section */
		AD33E4451BB4E59E006D5740 /* main.m in Sources */ = {isa = PBXBuildFile; fileRef = AD33E4441BB4E59E006D5740 /* main.m */; };
		AD33E4511BB4E59E006D5740 /* Main.storyboard in Resources */ = {isa = PBXBuildFile; fileRef = AD33E44F1BB4E59E006D5740 /* Main.storyboard */; };
		AD33E4561BB4E59E006D5740 /* LaunchScreen.xib in Resources */ = {isa = PBXBuildFile; fileRef = AD33E4541BB4E59E006D5740 /* LaunchScreen.xib */; };
		AD33E4751BB4FE40006D5740 /* Images.xcassets in Resources */ = {isa = PBXBuildFile; fileRef = AD33E46C1BB4FE40006D5740 /* Images.xcassets */; };
		AD33E4761BB4FE40006D5740 /* WardrobeSelection.xcdatamodeld in Sources */ = {isa = PBXBuildFile; fileRef = AD33E46D1BB4FE40006D5740 /* WardrobeSelection.xcdatamodeld */; };
		AD33E4771BB4FE40006D5740 /* AppDelegate.m in Sources */ = {isa = PBXBuildFile; fileRef = AD33E4711BB4FE40006D5740 /* AppDelegate.m */; };
		AD33E47A1BB4FE57006D5740 /* WRSRootViewController.m in Sources */ = {isa = PBXBuildFile; fileRef = AD33E4791BB4FE57006D5740 /* WRSRootViewController.m */; };
		AD33E47D1BB4FF2C006D5740 /* LICENSE in Resources */ = {isa = PBXBuildFile; fileRef = AD33E47B1BB4FF2C006D5740 /* LICENSE */; };
		AD33E47E1BB4FF2C006D5740 /* README.md in Sources */ = {isa = PBXBuildFile; fileRef = AD33E47C1BB4FF2C006D5740 /* README.md */; };
		AD33E4811BB5018A006D5740 /* WRSDatabaseManager.m in Sources */ = {isa = PBXBuildFile; fileRef = AD33E4801BB5018A006D5740 /* WRSDatabaseManager.m */; };
		AD33E4871BB5022C006D5740 /* WRSLoginViewController.m in Sources */ = {isa = PBXBuildFile; fileRef = AD33E4861BB5022C006D5740 /* WRSLoginViewController.m */; };
		AD33E48A1BB50276006D5740 /* WRSFacebookHandler.m in Sources */ = {isa = PBXBuildFile; fileRef = AD33E4891BB50276006D5740 /* WRSFacebookHandler.m */; };
		AD33E48E1BB502BE006D5740 /* Accounts.framework in Frameworks */ = {isa = PBXBuildFile; fileRef = AD33E48D1BB502BE006D5740 /* Accounts.framework */; };
		AD33E4951BB50FF6006D5740 /* UIViewController+Helper.m in Sources */ = {isa = PBXBuildFile; fileRef = AD33E4941BB50FF6006D5740 /* UIViewController+Helper.m */; };
		AD33E4981BB51C44006D5740 /* UIView+Frames.m in Sources */ = {isa = PBXBuildFile; fileRef = AD33E4971BB51C44006D5740 /* UIView+Frames.m */; };
		AD33E49B1BB51D5F006D5740 /* UIColor+WRS.m in Sources */ = {isa = PBXBuildFile; fileRef = AD33E49A1BB51D5F006D5740 /* UIColor+WRS.m */; };
		AD33E49E1BB51D73006D5740 /* UIFont+WRS.m in Sources */ = {isa = PBXBuildFile; fileRef = AD33E49D1BB51D73006D5740 /* UIFont+WRS.m */; };
		AD33E4A11BB51DEE006D5740 /* UINavigationController+Helper.m in Sources */ = {isa = PBXBuildFile; fileRef = AD33E4A01BB51DEE006D5740 /* UINavigationController+Helper.m */; };
		AD33E4A41BB5226E006D5740 /* WRSWardrobeViewController.m in Sources */ = {isa = PBXBuildFile; fileRef = AD33E4A31BB5226E006D5740 /* WRSWardrobeViewController.m */; };
		AD33E4A71BB5228B006D5740 /* WRSBookmarksViewController.m in Sources */ = {isa = PBXBuildFile; fileRef = AD33E4A61BB5228B006D5740 /* WRSBookmarksViewController.m */; };
		AD33E4AA1BB58477006D5740 /* NSObject+WRS.m in Sources */ = {isa = PBXBuildFile; fileRef = AD33E4A91BB58477006D5740 /* NSObject+WRS.m */; };
		AD33E4AD1BB58804006D5740 /* WRSLoggedInUser.m in Sources */ = {isa = PBXBuildFile; fileRef = AD33E4AC1BB58804006D5740 /* WRSLoggedInUser.m */; };
		AD33E4B01BB58804006D5740 /* WRSWearable.m in Sources */ = {isa = PBXBuildFile; fileRef = AD33E4AF1BB58804006D5740 /* WRSWearable.m */; };
		AD33E4BC1BB58B2F006D5740 /* NSObject+WRSError.m in Sources */ = {isa = PBXBuildFile; fileRef = AD33E4BB1BB58B2F006D5740 /* NSObject+WRSError.m */; };
		AD33E4BF1BB64712006D5740 /* WRSSettingsViewController.m in Sources */ = {isa = PBXBuildFile; fileRef = AD33E4BE1BB64712006D5740 /* WRSSettingsViewController.m */; };
		AD33E4C21BB64C9B006D5740 /* WRSTodaysPickViewController.m in Sources */ = {isa = PBXBuildFile; fileRef = AD33E4C11BB64C9B006D5740 /* WRSTodaysPickViewController.m */; };
		AD4FCD481BB6A04D00057BEA /* WRSPriortySelectionViewController.m in Sources */ = {isa = PBXBuildFile; fileRef = AD4FCD471BB6A04D00057BEA /* WRSPriortySelectionViewController.m */; };
		AD4FCD4C1BB793A800057BEA /* WRSWearableCollectionViewCell.m in Sources */ = {isa = PBXBuildFile; fileRef = AD4FCD4A1BB793A800057BEA /* WRSWearableCollectionViewCell.m */; };
		AD4FCD4D1BB793A800057BEA /* WRSWearableCollectionViewCell.xib in Resources */ = {isa = PBXBuildFile; fileRef = AD4FCD4B1BB793A800057BEA /* WRSWearableCollectionViewCell.xib */; };
		AD4FCD511BB79AFA00057BEA /* WRSEmptyCollectionViewCell.m in Sources */ = {isa = PBXBuildFile; fileRef = AD4FCD4F1BB79AFA00057BEA /* WRSEmptyCollectionViewCell.m */; };
		AD4FCD521BB79AFA00057BEA /* WRSEmptyCollectionViewCell.xib in Resources */ = {isa = PBXBuildFile; fileRef = AD4FCD501BB79AFA00057BEA /* WRSEmptyCollectionViewCell.xib */; };
		AD4FCD551BB79FAC00057BEA /* WRSAddWearableHandler.m in Sources */ = {isa = PBXBuildFile; fileRef = AD4FCD541BB79FAC00057BEA /* WRSAddWearableHandler.m */; };
		AD4FCD5B1BB7B3F800057BEA /* WRSWearableCollectionViewHandler.m in Sources */ = {isa = PBXBuildFile; fileRef = AD4FCD5A1BB7B3F800057BEA /* WRSWearableCollectionViewHandler.m */; };
		AD4FCD671BB7DC3D00057BEA /* WRSBookmark.m in Sources */ = {isa = PBXBuildFile; fileRef = AD4FCD661BB7DC3D00057BEA /* WRSBookmark.m */; };
		AD4FCD6B1BB8121000057BEA /* WRSBookmarksCollectionViewCell.m in Sources */ = {isa = PBXBuildFile; fileRef = AD4FCD691BB8121000057BEA /* WRSBookmarksCollectionViewCell.m */; };
		AD4FCD6C1BB8121000057BEA /* WRSBookmarksCollectionViewCell.xib in Resources */ = {isa = PBXBuildFile; fileRef = AD4FCD6A1BB8121000057BEA /* WRSBookmarksCollectionViewCell.xib */; };
		AD4FCD6F1BB831B000057BEA /* UIView+WRSHelper.m in Sources */ = {isa = PBXBuildFile; fileRef = AD4FCD6E1BB831B000057BEA /* UIView+WRSHelper.m */; };
		ADDC3C081BBA333800E3A626 /* WRSThumbnailCollectionViewCell.m in Sources */ = {isa = PBXBuildFile; fileRef = ADDC3C061BBA333800E3A626 /* WRSThumbnailCollectionViewCell.m */; };
		ADDC3C091BBA333800E3A626 /* WRSThumbnailCollectionViewCell.xib in Resources */ = {isa = PBXBuildFile; fileRef = ADDC3C071BBA333800E3A626 /* WRSThumbnailCollectionViewCell.xib */; };
		ADDDFDC81BB9745C0033FE00 /* UIImage+WRSHelper.m in Sources */ = {isa = PBXBuildFile; fileRef = ADDDFDC71BB9745C0033FE00 /* UIImage+WRSHelper.m */; };
/* End PBXBuildFile section */

/* Begin PBXFileReference section */
		AD33E43F1BB4E59E006D5740 /* WardrobeSelection.app */ = {isa = PBXFileReference; explicitFileType = wrapper.application; includeInIndex = 0; path = WardrobeSelection.app; sourceTree = BUILT_PRODUCTS_DIR; };
		AD33E4431BB4E59E006D5740 /* Info.plist */ = {isa = PBXFileReference; lastKnownFileType = text.plist.xml; path = Info.plist; sourceTree = "<group>"; };
		AD33E4441BB4E59E006D5740 /* main.m */ = {isa = PBXFileReference; lastKnownFileType = sourcecode.c.objc; path = main.m; sourceTree = "<group>"; };
		AD33E4501BB4E59E006D5740 /* Base */ = {isa = PBXFileReference; lastKnownFileType = file.storyboard; name = Base; path = Base.lproj/Main.storyboard; sourceTree = "<group>"; };
		AD33E4551BB4E59E006D5740 /* Base */ = {isa = PBXFileReference; lastKnownFileType = file.xib; name = Base; path = Base.lproj/LaunchScreen.xib; sourceTree = "<group>"; };
		AD33E46C1BB4FE40006D5740 /* Images.xcassets */ = {isa = PBXFileReference; lastKnownFileType = folder.assetcatalog; path = Images.xcassets; sourceTree = "<group>"; };
		AD33E46E1BB4FE40006D5740 /* WardrobeSelection.xcdatamodel */ = {isa = PBXFileReference; lastKnownFileType = wrapper.xcdatamodel; path = WardrobeSelection.xcdatamodel; sourceTree = "<group>"; };
		AD33E4701BB4FE40006D5740 /* AppDelegate.h */ = {isa = PBXFileReference; fileEncoding = 4; lastKnownFileType = sourcecode.c.h; path = AppDelegate.h; sourceTree = "<group>"; };
		AD33E4711BB4FE40006D5740 /* AppDelegate.m */ = {isa = PBXFileReference; fileEncoding = 4; lastKnownFileType = sourcecode.c.objc; path = AppDelegate.m; sourceTree = "<group>"; };
		AD33E4781BB4FE57006D5740 /* WRSRootViewController.h */ = {isa = PBXFileReference; fileEncoding = 4; lastKnownFileType = sourcecode.c.h; path = WRSRootViewController.h; sourceTree = "<group>"; };
		AD33E4791BB4FE57006D5740 /* WRSRootViewController.m */ = {isa = PBXFileReference; fileEncoding = 4; lastKnownFileType = sourcecode.c.objc; path = WRSRootViewController.m; sourceTree = "<group>"; };
		AD33E47B1BB4FF2C006D5740 /* LICENSE */ = {isa = PBXFileReference; fileEncoding = 4; lastKnownFileType = text; path = LICENSE; sourceTree = SOURCE_ROOT; };
		AD33E47C1BB4FF2C006D5740 /* README.md */ = {isa = PBXFileReference; fileEncoding = 4; lastKnownFileType = net.daringfireball.markdown; path = README.md; sourceTree = SOURCE_ROOT; };
		AD33E47F1BB5018A006D5740 /* WRSDatabaseManager.h */ = {isa = PBXFileReference; fileEncoding = 4; lastKnownFileType = sourcecode.c.h; path = WRSDatabaseManager.h; sourceTree = "<group>"; };
		AD33E4801BB5018A006D5740 /* WRSDatabaseManager.m */ = {isa = PBXFileReference; fileEncoding = 4; lastKnownFileType = sourcecode.c.objc; path = WRSDatabaseManager.m; sourceTree = "<group>"; };
		AD33E4851BB5022C006D5740 /* WRSLoginViewController.h */ = {isa = PBXFileReference; fileEncoding = 4; lastKnownFileType = sourcecode.c.h; path = WRSLoginViewController.h; sourceTree = "<group>"; };
		AD33E4861BB5022C006D5740 /* WRSLoginViewController.m */ = {isa = PBXFileReference; fileEncoding = 4; lastKnownFileType = sourcecode.c.objc; path = WRSLoginViewController.m; sourceTree = "<group>"; };
		AD33E4881BB50276006D5740 /* WRSFacebookHandler.h */ = {isa = PBXFileReference; fileEncoding = 4; lastKnownFileType = sourcecode.c.h; path = WRSFacebookHandler.h; sourceTree = "<group>"; };
		AD33E4891BB50276006D5740 /* WRSFacebookHandler.m */ = {isa = PBXFileReference; fileEncoding = 4; lastKnownFileType = sourcecode.c.objc; path = WRSFacebookHandler.m; sourceTree = "<group>"; };
		AD33E48D1BB502BE006D5740 /* Accounts.framework */ = {isa = PBXFileReference; lastKnownFileType = wrapper.framework; name = Accounts.framework; path = System/Library/Frameworks/Accounts.framework; sourceTree = SDKROOT; };
		AD33E4901BB50691006D5740 /* WRSUtility.h */ = {isa = PBXFileReference; fileEncoding = 4; lastKnownFileType = sourcecode.c.h; path = WRSUtility.h; sourceTree = "<group>"; };
		AD33E4931BB50FF6006D5740 /* UIViewController+Helper.h */ = {isa = PBXFileReference; fileEncoding = 4; lastKnownFileType = sourcecode.c.h; path = "UIViewController+Helper.h"; sourceTree = "<group>"; };
		AD33E4941BB50FF6006D5740 /* UIViewController+Helper.m */ = {isa = PBXFileReference; fileEncoding = 4; lastKnownFileType = sourcecode.c.objc; path = "UIViewController+Helper.m"; sourceTree = "<group>"; };
		AD33E4961BB51C44006D5740 /* UIView+Frames.h */ = {isa = PBXFileReference; fileEncoding = 4; lastKnownFileType = sourcecode.c.h; path = "UIView+Frames.h"; sourceTree = "<group>"; };
		AD33E4971BB51C44006D5740 /* UIView+Frames.m */ = {isa = PBXFileReference; fileEncoding = 4; lastKnownFileType = sourcecode.c.objc; path = "UIView+Frames.m"; sourceTree = "<group>"; };
		AD33E4991BB51D5F006D5740 /* UIColor+WRS.h */ = {isa = PBXFileReference; fileEncoding = 4; lastKnownFileType = sourcecode.c.h; path = "UIColor+WRS.h"; sourceTree = "<group>"; };
		AD33E49A1BB51D5F006D5740 /* UIColor+WRS.m */ = {isa = PBXFileReference; fileEncoding = 4; lastKnownFileType = sourcecode.c.objc; path = "UIColor+WRS.m"; sourceTree = "<group>"; };
		AD33E49C1BB51D73006D5740 /* UIFont+WRS.h */ = {isa = PBXFileReference; fileEncoding = 4; lastKnownFileType = sourcecode.c.h; path = "UIFont+WRS.h"; sourceTree = "<group>"; };
		AD33E49D1BB51D73006D5740 /* UIFont+WRS.m */ = {isa = PBXFileReference; fileEncoding = 4; lastKnownFileType = sourcecode.c.objc; path = "UIFont+WRS.m"; sourceTree = "<group>"; };
		AD33E49F1BB51DEE006D5740 /* UINavigationController+Helper.h */ = {isa = PBXFileReference; fileEncoding = 4; lastKnownFileType = sourcecode.c.h; path = "UINavigationController+Helper.h"; sourceTree = "<group>"; };
		AD33E4A01BB51DEE006D5740 /* UINavigationController+Helper.m */ = {isa = PBXFileReference; fileEncoding = 4; lastKnownFileType = sourcecode.c.objc; path = "UINavigationController+Helper.m"; sourceTree = "<group>"; };
		AD33E4A21BB5226E006D5740 /* WRSWardrobeViewController.h */ = {isa = PBXFileReference; fileEncoding = 4; lastKnownFileType = sourcecode.c.h; path = WRSWardrobeViewController.h; sourceTree = "<group>"; };
		AD33E4A31BB5226E006D5740 /* WRSWardrobeViewController.m */ = {isa = PBXFileReference; fileEncoding = 4; lastKnownFileType = sourcecode.c.objc; path = WRSWardrobeViewController.m; sourceTree = "<group>"; };
		AD33E4A51BB5228B006D5740 /* WRSBookmarksViewController.h */ = {isa = PBXFileReference; fileEncoding = 4; lastKnownFileType = sourcecode.c.h; path = WRSBookmarksViewController.h; sourceTree = "<group>"; };
		AD33E4A61BB5228B006D5740 /* WRSBookmarksViewController.m */ = {isa = PBXFileReference; fileEncoding = 4; lastKnownFileType = sourcecode.c.objc; path = WRSBookmarksViewController.m; sourceTree = "<group>"; };
		AD33E4A81BB58477006D5740 /* NSObject+WRS.h */ = {isa = PBXFileReference; fileEncoding = 4; lastKnownFileType = sourcecode.c.h; path = "NSObject+WRS.h"; sourceTree = "<group>"; };
		AD33E4A91BB58477006D5740 /* NSObject+WRS.m */ = {isa = PBXFileReference; fileEncoding = 4; lastKnownFileType = sourcecode.c.objc; path = "NSObject+WRS.m"; sourceTree = "<group>"; };
		AD33E4AB1BB58804006D5740 /* WRSLoggedInUser.h */ = {isa = PBXFileReference; fileEncoding = 4; lastKnownFileType = sourcecode.c.h; path = WRSLoggedInUser.h; sourceTree = "<group>"; };
		AD33E4AC1BB58804006D5740 /* WRSLoggedInUser.m */ = {isa = PBXFileReference; fileEncoding = 4; lastKnownFileType = sourcecode.c.objc; path = WRSLoggedInUser.m; sourceTree = "<group>"; };
		AD33E4AE1BB58804006D5740 /* WRSWearable.h */ = {isa = PBXFileReference; fileEncoding = 4; lastKnownFileType = sourcecode.c.h; path = WRSWearable.h; sourceTree = "<group>"; };
		AD33E4AF1BB58804006D5740 /* WRSWearable.m */ = {isa = PBXFileReference; fileEncoding = 4; lastKnownFileType = sourcecode.c.objc; path = WRSWearable.m; sourceTree = "<group>"; };
		AD33E4BA1BB58B2F006D5740 /* NSObject+WRSError.h */ = {isa = PBXFileReference; fileEncoding = 4; lastKnownFileType = sourcecode.c.h; path = "NSObject+WRSError.h"; sourceTree = "<group>"; };
		AD33E4BB1BB58B2F006D5740 /* NSObject+WRSError.m */ = {isa = PBXFileReference; fileEncoding = 4; lastKnownFileType = sourcecode.c.objc; path = "NSObject+WRSError.m"; sourceTree = "<group>"; };
		AD33E4BD1BB64712006D5740 /* WRSSettingsViewController.h */ = {isa = PBXFileReference; fileEncoding = 4; lastKnownFileType = sourcecode.c.h; path = WRSSettingsViewController.h; sourceTree = "<group>"; };
		AD33E4BE1BB64712006D5740 /* WRSSettingsViewController.m */ = {isa = PBXFileReference; fileEncoding = 4; lastKnownFileType = sourcecode.c.objc; path = WRSSettingsViewController.m; sourceTree = "<group>"; };
		AD33E4C01BB64C9B006D5740 /* WRSTodaysPickViewController.h */ = {isa = PBXFileReference; fileEncoding = 4; lastKnownFileType = sourcecode.c.h; path = WRSTodaysPickViewController.h; sourceTree = "<group>"; };
		AD33E4C11BB64C9B006D5740 /* WRSTodaysPickViewController.m */ = {isa = PBXFileReference; fileEncoding = 4; lastKnownFileType = sourcecode.c.objc; path = WRSTodaysPickViewController.m; sourceTree = "<group>"; };
		AD4FCD461BB6A04D00057BEA /* WRSPriortySelectionViewController.h */ = {isa = PBXFileReference; fileEncoding = 4; lastKnownFileType = sourcecode.c.h; path = WRSPriortySelectionViewController.h; sourceTree = "<group>"; };
		AD4FCD471BB6A04D00057BEA /* WRSPriortySelectionViewController.m */ = {isa = PBXFileReference; fileEncoding = 4; lastKnownFileType = sourcecode.c.objc; path = WRSPriortySelectionViewController.m; sourceTree = "<group>"; };
		AD4FCD491BB793A800057BEA /* WRSWearableCollectionViewCell.h */ = {isa = PBXFileReference; fileEncoding = 4; lastKnownFileType = sourcecode.c.h; path = WRSWearableCollectionViewCell.h; sourceTree = "<group>"; };
		AD4FCD4A1BB793A800057BEA /* WRSWearableCollectionViewCell.m */ = {isa = PBXFileReference; fileEncoding = 4; lastKnownFileType = sourcecode.c.objc; path = WRSWearableCollectionViewCell.m; sourceTree = "<group>"; };
		AD4FCD4B1BB793A800057BEA /* WRSWearableCollectionViewCell.xib */ = {isa = PBXFileReference; fileEncoding = 4; lastKnownFileType = file.xib; path = WRSWearableCollectionViewCell.xib; sourceTree = "<group>"; };
		AD4FCD4E1BB79AFA00057BEA /* WRSEmptyCollectionViewCell.h */ = {isa = PBXFileReference; fileEncoding = 4; lastKnownFileType = sourcecode.c.h; path = WRSEmptyCollectionViewCell.h; sourceTree = "<group>"; };
		AD4FCD4F1BB79AFA00057BEA /* WRSEmptyCollectionViewCell.m */ = {isa = PBXFileReference; fileEncoding = 4; lastKnownFileType = sourcecode.c.objc; path = WRSEmptyCollectionViewCell.m; sourceTree = "<group>"; };
		AD4FCD501BB79AFA00057BEA /* WRSEmptyCollectionViewCell.xib */ = {isa = PBXFileReference; fileEncoding = 4; lastKnownFileType = file.xib; path = WRSEmptyCollectionViewCell.xib; sourceTree = "<group>"; };
		AD4FCD531BB79FAC00057BEA /* WRSAddWearableHandler.h */ = {isa = PBXFileReference; fileEncoding = 4; lastKnownFileType = sourcecode.c.h; path = WRSAddWearableHandler.h; sourceTree = "<group>"; };
		AD4FCD541BB79FAC00057BEA /* WRSAddWearableHandler.m */ = {isa = PBXFileReference; fileEncoding = 4; lastKnownFileType = sourcecode.c.objc; path = WRSAddWearableHandler.m; sourceTree = "<group>"; };
		AD4FCD591BB7B3F800057BEA /* WRSWearableCollectionViewHandler.h */ = {isa = PBXFileReference; fileEncoding = 4; lastKnownFileType = sourcecode.c.h; path = WRSWearableCollectionViewHandler.h; sourceTree = "<group>"; };
		AD4FCD5A1BB7B3F800057BEA /* WRSWearableCollectionViewHandler.m */ = {isa = PBXFileReference; fileEncoding = 4; lastKnownFileType = sourcecode.c.objc; path = WRSWearableCollectionViewHandler.m; sourceTree = "<group>"; };
		AD4FCD651BB7DC3D00057BEA /* WRSBookmark.h */ = {isa = PBXFileReference; fileEncoding = 4; lastKnownFileType = sourcecode.c.h; path = WRSBookmark.h; sourceTree = "<group>"; };
		AD4FCD661BB7DC3D00057BEA /* WRSBookmark.m */ = {isa = PBXFileReference; fileEncoding = 4; lastKnownFileType = sourcecode.c.objc; path = WRSBookmark.m; sourceTree = "<group>"; };
		AD4FCD681BB8121000057BEA /* WRSBookmarksCollectionViewCell.h */ = {isa = PBXFileReference; fileEncoding = 4; lastKnownFileType = sourcecode.c.h; path = WRSBookmarksCollectionViewCell.h; sourceTree = "<group>"; };
		AD4FCD691BB8121000057BEA /* WRSBookmarksCollectionViewCell.m */ = {isa = PBXFileReference; fileEncoding = 4; lastKnownFileType = sourcecode.c.objc; path = WRSBookmarksCollectionViewCell.m; sourceTree = "<group>"; };
		AD4FCD6A1BB8121000057BEA /* WRSBookmarksCollectionViewCell.xib */ = {isa = PBXFileReference; fileEncoding = 4; lastKnownFileType = file.xib; path = WRSBookmarksCollectionViewCell.xib; sourceTree = "<group>"; };
		AD4FCD6D1BB831B000057BEA /* UIView+WRSHelper.h */ = {isa = PBXFileReference; fileEncoding = 4; lastKnownFileType = sourcecode.c.h; path = "UIView+WRSHelper.h"; sourceTree = "<group>"; };
		AD4FCD6E1BB831B000057BEA /* UIView+WRSHelper.m */ = {isa = PBXFileReference; fileEncoding = 4; lastKnownFileType = sourcecode.c.objc; path = "UIView+WRSHelper.m"; sourceTree = "<group>"; };
		ADDC3C051BBA333800E3A626 /* WRSThumbnailCollectionViewCell.h */ = {isa = PBXFileReference; fileEncoding = 4; lastKnownFileType = sourcecode.c.h; path = WRSThumbnailCollectionViewCell.h; sourceTree = "<group>"; };
		ADDC3C061BBA333800E3A626 /* WRSThumbnailCollectionViewCell.m */ = {isa = PBXFileReference; fileEncoding = 4; lastKnownFileType = sourcecode.c.objc; path = WRSThumbnailCollectionViewCell.m; sourceTree = "<group>"; };
		ADDC3C071BBA333800E3A626 /* WRSThumbnailCollectionViewCell.xib */ = {isa = PBXFileReference; fileEncoding = 4; lastKnownFileType = file.xib; path = WRSThumbnailCollectionViewCell.xib; sourceTree = "<group>"; };
		ADDDFDC61BB9745C0033FE00 /* UIImage+WRSHelper.h */ = {isa = PBXFileReference; fileEncoding = 4; lastKnownFileType = sourcecode.c.h; path = "UIImage+WRSHelper.h"; sourceTree = "<group>"; };
		ADDDFDC71BB9745C0033FE00 /* UIImage+WRSHelper.m */ = {isa = PBXFileReference; fileEncoding = 4; lastKnownFileType = sourcecode.c.objc; path = "UIImage+WRSHelper.m"; sourceTree = "<group>"; };
/* End PBXFileReference section */

/* Begin PBXFrameworksBuildPhase section */
		AD33E43C1BB4E59E006D5740 /* Frameworks */ = {
			isa = PBXFrameworksBuildPhase;
			buildActionMask = 2147483647;
			files = (
				AD33E48E1BB502BE006D5740 /* Accounts.framework in Frameworks */,
			);
			runOnlyForDeploymentPostprocessing = 0;
		};
/* End PBXFrameworksBuildPhase section */

/* Begin PBXGroup section */
		AD33E4361BB4E59E006D5740 = {
			isa = PBXGroup;
			children = (
				AD33E48D1BB502BE006D5740 /* Accounts.framework */,
				AD33E4411BB4E59E006D5740 /* WardrobeSelection */,
				AD33E4401BB4E59E006D5740 /* Products */,
			);
			sourceTree = "<group>";
		};
		AD33E4401BB4E59E006D5740 /* Products */ = {
			isa = PBXGroup;
			children = (
				AD33E43F1BB4E59E006D5740 /* WardrobeSelection.app */,
			);
			name = Products;
			sourceTree = "<group>";
		};
		AD33E4411BB4E59E006D5740 /* WardrobeSelection */ = {
			isa = PBXGroup;
			children = (
				AD33E47B1BB4FF2C006D5740 /* LICENSE */,
				AD33E47C1BB4FF2C006D5740 /* README.md */,
				AD33E46F1BB4FE40006D5740 /* Source */,
				AD33E46B1BB4FE40006D5740 /* Resources */,
				AD33E44F1BB4E59E006D5740 /* Main.storyboard */,
				AD33E4541BB4E59E006D5740 /* LaunchScreen.xib */,
				AD33E4421BB4E59E006D5740 /* Supporting Files */,
			);
			path = WardrobeSelection;
			sourceTree = "<group>";
		};
		AD33E4421BB4E59E006D5740 /* Supporting Files */ = {
			isa = PBXGroup;
			children = (
				AD33E4431BB4E59E006D5740 /* Info.plist */,
				AD33E4441BB4E59E006D5740 /* main.m */,
			);
			name = "Supporting Files";
			sourceTree = "<group>";
		};
		AD33E46B1BB4FE40006D5740 /* Resources */ = {
			isa = PBXGroup;
			children = (
				AD33E46C1BB4FE40006D5740 /* Images.xcassets */,
				AD33E46D1BB4FE40006D5740 /* WardrobeSelection.xcdatamodeld */,
			);
			path = Resources;
			sourceTree = "<group>";
		};
		AD33E46F1BB4FE40006D5740 /* Source */ = {
			isa = PBXGroup;
			children = (
				AD33E4701BB4FE40006D5740 /* AppDelegate.h */,
				AD33E4711BB4FE40006D5740 /* AppDelegate.m */,
				AD33E48F1BB50682006D5740 /* Utilities */,
				AD33E4721BB4FE40006D5740 /* Controllers */,
				AD33E4731BB4FE40006D5740 /* CustomViews */,
				AD33E4741BB4FE40006D5740 /* Models */,
			);
			path = Source;
			sourceTree = "<group>";
		};
		AD33E4721BB4FE40006D5740 /* Controllers */ = {
			isa = PBXGroup;
			children = (
				AD33E4781BB4FE57006D5740 /* WRSRootViewController.h */,
				AD33E4791BB4FE57006D5740 /* WRSRootViewController.m */,
				AD33E4851BB5022C006D5740 /* WRSLoginViewController.h */,
				AD33E4861BB5022C006D5740 /* WRSLoginViewController.m */,
				AD33E4A21BB5226E006D5740 /* WRSWardrobeViewController.h */,
				AD33E4A31BB5226E006D5740 /* WRSWardrobeViewController.m */,
				AD33E4A51BB5228B006D5740 /* WRSBookmarksViewController.h */,
				AD33E4A61BB5228B006D5740 /* WRSBookmarksViewController.m */,
				AD33E4BD1BB64712006D5740 /* WRSSettingsViewController.h */,
				AD33E4BE1BB64712006D5740 /* WRSSettingsViewController.m */,
				AD33E4C01BB64C9B006D5740 /* WRSTodaysPickViewController.h */,
				AD33E4C11BB64C9B006D5740 /* WRSTodaysPickViewController.m */,
				AD4FCD461BB6A04D00057BEA /* WRSPriortySelectionViewController.h */,
				AD4FCD471BB6A04D00057BEA /* WRSPriortySelectionViewController.m */,
			);
			path = Controllers;
			sourceTree = "<group>";
		};
		AD33E4731BB4FE40006D5740 /* CustomViews */ = {
			isa = PBXGroup;
			children = (
				AD4FCD491BB793A800057BEA /* WRSWearableCollectionViewCell.h */,
				AD4FCD4A1BB793A800057BEA /* WRSWearableCollectionViewCell.m */,
				AD4FCD4B1BB793A800057BEA /* WRSWearableCollectionViewCell.xib */,
				AD4FCD4E1BB79AFA00057BEA /* WRSEmptyCollectionViewCell.h */,
				AD4FCD4F1BB79AFA00057BEA /* WRSEmptyCollectionViewCell.m */,
				AD4FCD501BB79AFA00057BEA /* WRSEmptyCollectionViewCell.xib */,
				AD4FCD681BB8121000057BEA /* WRSBookmarksCollectionViewCell.h */,
				AD4FCD691BB8121000057BEA /* WRSBookmarksCollectionViewCell.m */,
				AD4FCD6A1BB8121000057BEA /* WRSBookmarksCollectionViewCell.xib */,
				ADDC3C051BBA333800E3A626 /* WRSThumbnailCollectionViewCell.h */,
				ADDC3C061BBA333800E3A626 /* WRSThumbnailCollectionViewCell.m */,
				ADDC3C071BBA333800E3A626 /* WRSThumbnailCollectionViewCell.xib */,
			);
			path = CustomViews;
			sourceTree = "<group>";
		};
		AD33E4741BB4FE40006D5740 /* Models */ = {
			isa = PBXGroup;
			children = (
				AD4FCD651BB7DC3D00057BEA /* WRSBookmark.h */,
				AD4FCD661BB7DC3D00057BEA /* WRSBookmark.m */,
				AD33E4AE1BB58804006D5740 /* WRSWearable.h */,
				AD33E4AF1BB58804006D5740 /* WRSWearable.m */,
				AD33E4AB1BB58804006D5740 /* WRSLoggedInUser.h */,
				AD33E4AC1BB58804006D5740 /* WRSLoggedInUser.m */,
				AD33E47F1BB5018A006D5740 /* WRSDatabaseManager.h */,
				AD33E4801BB5018A006D5740 /* WRSDatabaseManager.m */,
				AD33E4881BB50276006D5740 /* WRSFacebookHandler.h */,
				AD33E4891BB50276006D5740 /* WRSFacebookHandler.m */,
				AD4FCD531BB79FAC00057BEA /* WRSAddWearableHandler.h */,
				AD4FCD541BB79FAC00057BEA /* WRSAddWearableHandler.m */,
				AD4FCD591BB7B3F800057BEA /* WRSWearableCollectionViewHandler.h */,
				AD4FCD5A1BB7B3F800057BEA /* WRSWearableCollectionViewHandler.m */,
			);
			path = Models;
			sourceTree = "<group>";
		};
		AD33E48F1BB50682006D5740 /* Utilities */ = {
			isa = PBXGroup;
			children = (
				AD33E4901BB50691006D5740 /* WRSUtility.h */,
				AD33E4961BB51C44006D5740 /* UIView+Frames.h */,
				AD33E4971BB51C44006D5740 /* UIView+Frames.m */,
				AD33E4931BB50FF6006D5740 /* UIViewController+Helper.h */,
				AD33E4941BB50FF6006D5740 /* UIViewController+Helper.m */,
				AD33E4991BB51D5F006D5740 /* UIColor+WRS.h */,
				AD33E49A1BB51D5F006D5740 /* UIColor+WRS.m */,
				AD33E49C1BB51D73006D5740 /* UIFont+WRS.h */,
				AD33E49D1BB51D73006D5740 /* UIFont+WRS.m */,
				AD33E4A81BB58477006D5740 /* NSObject+WRS.h */,
				AD33E4A91BB58477006D5740 /* NSObject+WRS.m */,
				AD33E49F1BB51DEE006D5740 /* UINavigationController+Helper.h */,
				AD33E4A01BB51DEE006D5740 /* UINavigationController+Helper.m */,
				AD33E4BA1BB58B2F006D5740 /* NSObject+WRSError.h */,
				AD33E4BB1BB58B2F006D5740 /* NSObject+WRSError.m */,
				AD4FCD6D1BB831B000057BEA /* UIView+WRSHelper.h */,
				AD4FCD6E1BB831B000057BEA /* UIView+WRSHelper.m */,
				ADDDFDC61BB9745C0033FE00 /* UIImage+WRSHelper.h */,
				ADDDFDC71BB9745C0033FE00 /* UIImage+WRSHelper.m */,
			);
			path = Utilities;
			sourceTree = "<group>";
		};
/* End PBXGroup section */

/* Begin PBXNativeTarget section */
		AD33E43E1BB4E59E006D5740 /* WardrobeSelection */ = {
			isa = PBXNativeTarget;
			buildConfigurationList = AD33E4651BB4E59E006D5740 /* Build configuration list for PBXNativeTarget "WardrobeSelection" */;
			buildPhases = (
				AD33E43B1BB4E59E006D5740 /* Sources */,
				AD33E43C1BB4E59E006D5740 /* Frameworks */,
				AD33E43D1BB4E59E006D5740 /* Resources */,
			);
			buildRules = (
			);
			dependencies = (
			);
			name = WardrobeSelection;
			productName = WardrobeSelection;
			productReference = AD33E43F1BB4E59E006D5740 /* WardrobeSelection.app */;
			productType = "com.apple.product-type.application";
		};
/* End PBXNativeTarget section */

/* Begin PBXProject section */
		AD33E4371BB4E59E006D5740 /* Project object */ = {
			isa = PBXProject;
			attributes = {
				CLASSPREFIX = WRS;
				LastUpgradeCheck = 0640;
				ORGANIZATIONNAME = "No Organisation";
				TargetAttributes = {
					AD33E43E1BB4E59E006D5740 = {
						CreatedOnToolsVersion = 6.4;
					};
				};
			};
			buildConfigurationList = AD33E43A1BB4E59E006D5740 /* Build configuration list for PBXProject "WardrobeSelection" */;
			compatibilityVersion = "Xcode 3.2";
			developmentRegion = English;
			hasScannedForEncodings = 0;
			knownRegions = (
				en,
				Base,
			);
			mainGroup = AD33E4361BB4E59E006D5740;
			productRefGroup = AD33E4401BB4E59E006D5740 /* Products */;
			projectDirPath = "";
			projectRoot = "";
			targets = (
				AD33E43E1BB4E59E006D5740 /* WardrobeSelection */,
			);
		};
/* End PBXProject section */

/* Begin PBXResourcesBuildPhase section */
		AD33E43D1BB4E59E006D5740 /* Resources */ = {
			isa = PBXResourcesBuildPhase;
			buildActionMask = 2147483647;
			files = (
				AD33E4751BB4FE40006D5740 /* Images.xcassets in Resources */,
				AD33E4511BB4E59E006D5740 /* Main.storyboard in Resources */,
				ADDC3C091BBA333800E3A626 /* WRSThumbnailCollectionViewCell.xib in Resources */,
				AD4FCD6C1BB8121000057BEA /* WRSBookmarksCollectionViewCell.xib in Resources */,
				AD33E47D1BB4FF2C006D5740 /* LICENSE in Resources */,
				AD4FCD521BB79AFA00057BEA /* WRSEmptyCollectionViewCell.xib in Resources */,
				AD33E4561BB4E59E006D5740 /* LaunchScreen.xib in Resources */,
				AD4FCD4D1BB793A800057BEA /* WRSWearableCollectionViewCell.xib in Resources */,
			);
			runOnlyForDeploymentPostprocessing = 0;
		};
/* End PBXResourcesBuildPhase section */

/* Begin PBXSourcesBuildPhase section */
		AD33E43B1BB4E59E006D5740 /* Sources */ = {
			isa = PBXSourcesBuildPhase;
			buildActionMask = 2147483647;
			files = (
				AD33E4BF1BB64712006D5740 /* WRSSettingsViewController.m in Sources */,
				AD4FCD671BB7DC3D00057BEA /* WRSBookmark.m in Sources */,
				AD33E4951BB50FF6006D5740 /* UIViewController+Helper.m in Sources */,
				AD4FCD5B1BB7B3F800057BEA /* WRSWearableCollectionViewHandler.m in Sources */,
				AD33E4761BB4FE40006D5740 /* WardrobeSelection.xcdatamodeld in Sources */,
				AD33E4AA1BB58477006D5740 /* NSObject+WRS.m in Sources */,
				AD33E4A41BB5226E006D5740 /* WRSWardrobeViewController.m in Sources */,
				AD33E4BC1BB58B2F006D5740 /* NSObject+WRSError.m in Sources */,
				AD33E49E1BB51D73006D5740 /* UIFont+WRS.m in Sources */,
				AD4FCD511BB79AFA00057BEA /* WRSEmptyCollectionViewCell.m in Sources */,
				AD4FCD551BB79FAC00057BEA /* WRSAddWearableHandler.m in Sources */,
				AD33E4AD1BB58804006D5740 /* WRSLoggedInUser.m in Sources */,
				AD4FCD6F1BB831B000057BEA /* UIView+WRSHelper.m in Sources */,
				AD33E48A1BB50276006D5740 /* WRSFacebookHandler.m in Sources */,
				AD33E49B1BB51D5F006D5740 /* UIColor+WRS.m in Sources */,
				AD33E4B01BB58804006D5740 /* WRSWearable.m in Sources */,
				AD33E47A1BB4FE57006D5740 /* WRSRootViewController.m in Sources */,
				ADDC3C081BBA333800E3A626 /* WRSThumbnailCollectionViewCell.m in Sources */,
				AD33E4C21BB64C9B006D5740 /* WRSTodaysPickViewController.m in Sources */,
				AD33E4A11BB51DEE006D5740 /* UINavigationController+Helper.m in Sources */,
				AD4FCD481BB6A04D00057BEA /* WRSPriortySelectionViewController.m in Sources */,
				AD33E47E1BB4FF2C006D5740 /* README.md in Sources */,
				AD4FCD4C1BB793A800057BEA /* WRSWearableCollectionViewCell.m in Sources */,
				AD33E4981BB51C44006D5740 /* UIView+Frames.m in Sources */,
				AD4FCD6B1BB8121000057BEA /* WRSBookmarksCollectionViewCell.m in Sources */,
				AD33E4A71BB5228B006D5740 /* WRSBookmarksViewController.m in Sources */,
				AD33E4451BB4E59E006D5740 /* main.m in Sources */,
				ADDDFDC81BB9745C0033FE00 /* UIImage+WRSHelper.m in Sources */,
				AD33E4771BB4FE40006D5740 /* AppDelegate.m in Sources */,
				AD33E4811BB5018A006D5740 /* WRSDatabaseManager.m in Sources */,
				AD33E4871BB5022C006D5740 /* WRSLoginViewController.m in Sources */,
			);
			runOnlyForDeploymentPostprocessing = 0;
		};
/* End PBXSourcesBuildPhase section */

/* Begin PBXVariantGroup section */
		AD33E44F1BB4E59E006D5740 /* Main.storyboard */ = {
			isa = PBXVariantGroup;
			children = (
				AD33E4501BB4E59E006D5740 /* Base */,
			);
			name = Main.storyboard;
			sourceTree = "<group>";
		};
		AD33E4541BB4E59E006D5740 /* LaunchScreen.xib */ = {
			isa = PBXVariantGroup;
			children = (
				AD33E4551BB4E59E006D5740 /* Base */,
			);
			name = LaunchScreen.xib;
			sourceTree = "<group>";
		};
/* End PBXVariantGroup section */

/* Begin XCBuildConfiguration section */
		AD33E4631BB4E59E006D5740 /* Debug */ = {
			isa = XCBuildConfiguration;
			buildSettings = {
				ALWAYS_SEARCH_USER_PATHS = NO;
				CLANG_CXX_LANGUAGE_STANDARD = "gnu++0x";
				CLANG_CXX_LIBRARY = "libc++";
				CLANG_ENABLE_MODULES = YES;
				CLANG_ENABLE_OBJC_ARC = YES;
				CLANG_WARN_BOOL_CONVERSION = YES;
				CLANG_WARN_CONSTANT_CONVERSION = YES;
				CLANG_WARN_DIRECT_OBJC_ISA_USAGE = YES_ERROR;
				CLANG_WARN_EMPTY_BODY = YES;
				CLANG_WARN_ENUM_CONVERSION = YES;
				CLANG_WARN_INT_CONVERSION = YES;
				CLANG_WARN_OBJC_ROOT_CLASS = YES_ERROR;
				CLANG_WARN_UNREACHABLE_CODE = YES;
				CLANG_WARN__DUPLICATE_METHOD_MATCH = YES;
				"CODE_SIGN_IDENTITY[sdk=iphoneos*]" = "iPhone Developer";
				COPY_PHASE_STRIP = NO;
				DEBUG_INFORMATION_FORMAT = "dwarf-with-dsym";
				ENABLE_STRICT_OBJC_MSGSEND = YES;
				GCC_C_LANGUAGE_STANDARD = gnu99;
				GCC_DYNAMIC_NO_PIC = NO;
				GCC_NO_COMMON_BLOCKS = YES;
				GCC_OPTIMIZATION_LEVEL = 0;
				GCC_PREPROCESSOR_DEFINITIONS = (
					"DEBUG=1",
					"$(inherited)",
				);
				GCC_SYMBOLS_PRIVATE_EXTERN = NO;
				GCC_WARN_64_TO_32_BIT_CONVERSION = YES;
				GCC_WARN_ABOUT_RETURN_TYPE = YES_ERROR;
				GCC_WARN_UNDECLARED_SELECTOR = YES;
				GCC_WARN_UNINITIALIZED_AUTOS = YES_AGGRESSIVE;
				GCC_WARN_UNUSED_FUNCTION = YES;
				GCC_WARN_UNUSED_VARIABLE = YES;
				IPHONEOS_DEPLOYMENT_TARGET = 8.0;
				MTL_ENABLE_DEBUG_INFO = YES;
				ONLY_ACTIVE_ARCH = YES;
				SDKROOT = iphoneos;
				TARGETED_DEVICE_FAMILY = "1,2";
			};
			name = Debug;
		};
		AD33E4641BB4E59E006D5740 /* Release */ = {
			isa = XCBuildConfiguration;
			buildSettings = {
				ALWAYS_SEARCH_USER_PATHS = NO;
				CLANG_CXX_LANGUAGE_STANDARD = "gnu++0x";
				CLANG_CXX_LIBRARY = "libc++";
				CLANG_ENABLE_MODULES = YES;
				CLANG_ENABLE_OBJC_ARC = YES;
				CLANG_WARN_BOOL_CONVERSION = YES;
				CLANG_WARN_CONSTANT_CONVERSION = YES;
				CLANG_WARN_DIRECT_OBJC_ISA_USAGE = YES_ERROR;
				CLANG_WARN_EMPTY_BODY = YES;
				CLANG_WARN_ENUM_CONVERSION = YES;
				CLANG_WARN_INT_CONVERSION = YES;
				CLANG_WARN_OBJC_ROOT_CLASS = YES_ERROR;
				CLANG_WARN_UNREACHABLE_CODE = YES;
				CLANG_WARN__DUPLICATE_METHOD_MATCH = YES;
				"CODE_SIGN_IDENTITY[sdk=iphoneos*]" = "iPhone Developer";
				COPY_PHASE_STRIP = NO;
				DEBUG_INFORMATION_FORMAT = "dwarf-with-dsym";
				ENABLE_NS_ASSERTIONS = NO;
				ENABLE_STRICT_OBJC_MSGSEND = YES;
				GCC_C_LANGUAGE_STANDARD = gnu99;
				GCC_NO_COMMON_BLOCKS = YES;
				GCC_WARN_64_TO_32_BIT_CONVERSION = YES;
				GCC_WARN_ABOUT_RETURN_TYPE = YES_ERROR;
				GCC_WARN_UNDECLARED_SELECTOR = YES;
				GCC_WARN_UNINITIALIZED_AUTOS = YES_AGGRESSIVE;
				GCC_WARN_UNUSED_FUNCTION = YES;
				GCC_WARN_UNUSED_VARIABLE = YES;
				IPHONEOS_DEPLOYMENT_TARGET = 8.0;
				MTL_ENABLE_DEBUG_INFO = NO;
				SDKROOT = iphoneos;
				TARGETED_DEVICE_FAMILY = "1,2";
				VALIDATE_PRODUCT = YES;
			};
			name = Release;
		};
		AD33E4661BB4E59E006D5740 /* Debug */ = {
			isa = XCBuildConfiguration;
			buildSettings = {
				ASSETCATALOG_COMPILER_APPICON_NAME = AppIcon;
				INFOPLIST_FILE = WardrobeSelection/Info.plist;
				LD_RUNPATH_SEARCH_PATHS = "$(inherited) @executable_path/Frameworks";
				PRODUCT_NAME = "$(TARGET_NAME)";
				TARGETED_DEVICE_FAMILY = 1;
			};
			name = Debug;
		};
		AD33E4671BB4E59E006D5740 /* Release */ = {
			isa = XCBuildConfiguration;
			buildSettings = {
				ASSETCATALOG_COMPILER_APPICON_NAME = AppIcon;
				INFOPLIST_FILE = WardrobeSelection/Info.plist;
				LD_RUNPATH_SEARCH_PATHS = "$(inherited) @executable_path/Frameworks";
				PRODUCT_NAME = "$(TARGET_NAME)";
				TARGETED_DEVICE_FAMILY = 1;
			};
			name = Release;
		};
/* End XCBuildConfiguration section */

/* Begin XCConfigurationList section */
		AD33E43A1BB4E59E006D5740 /* Build configuration list for PBXProject "WardrobeSelection" */ = {
			isa = XCConfigurationList;
			buildConfigurations = (
				AD33E4631BB4E59E006D5740 /* Debug */,
				AD33E4641BB4E59E006D5740 /* Release */,
			);
			defaultConfigurationIsVisible = 0;
			defaultConfigurationName = Release;
		};
		AD33E4651BB4E59E006D5740 /* Build configuration list for PBXNativeTarget "WardrobeSelection" */ = {
			isa = XCConfigurationList;
			buildConfigurations = (
				AD33E4661BB4E59E006D5740 /* Debug */,
				AD33E4671BB4E59E006D5740 /* Release */,
			);
			defaultConfigurationIsVisible = 0;
			defaultConfigurationName = Release;
		};
/* End XCConfigurationList section */

/* Begin XCVersionGroup section */
		AD33E46D1BB4FE40006D5740 /* WardrobeSelection.xcdatamodeld */ = {
			isa = XCVersionGroup;
			children = (
				AD33E46E1BB4FE40006D5740 /* WardrobeSelection.xcdatamodel */,
			);
			currentVersion = AD33E46E1BB4FE40006D5740 /* WardrobeSelection.xcdatamodel */;
			path = WardrobeSelection.xcdatamodeld;
			sourceTree = "<group>";
			versionGroupType = wrapper.xcdatamodel;
		};
/* End XCVersionGroup section */
	};
	rootObject = AD33E4371BB4E59E006D5740 /* Project object */;
}
